
Microsoft Visual Studio Solution File, Format Version 12.00
# Visual Studio Version 17
VisualStudioVersion = 17.0.31903.59
MinimumVisualStudioVersion = 10.0.40219.1
Project("{2150E333-8FDC-42A3-9474-1A3956D46DE8}") = "src", "src", "{827E0CD3-B72D-47B6-A68D-7590B98EB39B}"
EndProject
Project("{FAE04EC0-301F-11D3-BF4B-00C04F79EFBC}") = "CaptureImage.Core", "src\CaptureImage.Core\CaptureImage.Core.csproj", "{BE4B464E-F2AD-445F-A40A-1C8D9EF6CF5E}"
EndProject
Project("{FAE04EC0-301F-11D3-BF4B-00C04F79EFBC}") = "CaptureImage.Infrastructure", "src\CaptureImage.Infrastructure\CaptureImage.Infrastructure.csproj", "{56963B42-4D6F-441F-9283-576526FF517A}"
EndProject
Project("{FAE04EC0-301F-11D3-BF4B-00C04F79EFBC}") = "CaptureImage.ViewModels", "src\CaptureImage.ViewModels\CaptureImage.ViewModels.csproj", "{0F060F46-7782-4686-8C12-56261A2876D6}"
EndProject
Project("{FAE04EC0-301F-11D3-BF4B-00C04F79EFBC}") = "CaptureImage.UI", "src\CaptureImage.UI\CaptureImage.UI.csproj", "{B443C8B4-AD41-4016-BF6E-7F1C9FF4ABC3}"
EndProject
Project("{FAE04EC0-301F-11D3-BF4B-00C04F79EFBC}") = "CaptureImage.App", "src\CaptureImage.App\CaptureImage.App.csproj", "{19A8672D-1A5F-4120-A66E-F6BD2C8431E3}"
EndProject
Project("{FAE04EC0-301F-11D3-BF4B-00C04F79EFBC}") = "CaptureImage.Core.Tests", "tests\CaptureImage.Core.Tests\CaptureImage.Core.Tests.csproj", "{41DC8750-7186-494E-80BC-845C5071DF8F}"
EndProject
Project("{FAE04EC0-301F-11D3-BF4B-00C04F79EFBC}") = "CaptureImage.Infrastructure.Tests", "tests\CaptureImage.Infrastructure.Tests\CaptureImage.Infrastructure.Tests.csproj", "{679C3869-EE49-4A76-ADF2-431430B781E1}"
EndProject
Project("{FAE04EC0-301F-11D3-BF4B-00C04F79EFBC}") = "CaptureImage.ViewModels.Tests", "tests\CaptureImage.ViewModels.Tests\CaptureImage.ViewModels.Tests.csproj", "{65E8FCC7-53C0-4793-925F-3AB562EFC562}"
EndProject
Global
	GlobalSection(SolutionConfigurationPlatforms) = preSolution
		Debug|Any CPU = Debug|Any CPU
		Debug|x64 = Debug|x64
		Debug|x86 = Debug|x86
		Release|Any CPU = Release|Any CPU
		Release|x64 = Release|x64
		Release|x86 = Release|x86
	EndGlobalSection
	GlobalSection(ProjectConfigurationPlatforms) = postSolution
		{BE4B464E-F2AD-445F-A40A-1C8D9EF6CF5E}.Debug|Any CPU.ActiveCfg = Debug|Any CPU
		{BE4B464E-F2AD-445F-A40A-1C8D9EF6CF5E}.Debug|Any CPU.Build.0 = Debug|Any CPU
		{BE4B464E-F2AD-445F-A40A-1C8D9EF6CF5E}.Debug|x64.ActiveCfg = Debug|Any CPU
		{BE4B464E-F2AD-445F-A40A-1C8D9EF6CF5E}.Debug|x64.Build.0 = Debug|Any CPU
		{BE4B464E-F2AD-445F-A40A-1C8D9EF6CF5E}.Debug|x86.ActiveCfg = Debug|Any CPU
		{BE4B464E-F2AD-445F-A40A-1C8D9EF6CF5E}.Debug|x86.Build.0 = Debug|Any CPU
		{BE4B464E-F2AD-445F-A40A-1C8D9EF6CF5E}.Release|Any CPU.ActiveCfg = Release|Any CPU
		{BE4B464E-F2AD-445F-A40A-1C8D9EF6CF5E}.Release|Any CPU.Build.0 = Release|Any CPU
		{BE4B464E-F2AD-445F-A40A-1C8D9EF6CF5E}.Release|x64.ActiveCfg = Release|Any CPU
		{BE4B464E-F2AD-445F-A40A-1C8D9EF6CF5E}.Release|x64.Build.0 = Release|Any CPU
		{BE4B464E-F2AD-445F-A40A-1C8D9EF6CF5E}.Release|x86.ActiveCfg = Release|Any CPU
		{BE4B464E-F2AD-445F-A40A-1C8D9EF6CF5E}.Release|x86.Build.0 = Release|Any CPU
		{56963B42-4D6F-441F-9283-576526FF517A}.Debug|Any CPU.ActiveCfg = Debug|Any CPU
		{56963B42-4D6F-441F-9283-576526FF517A}.Debug|Any CPU.Build.0 = Debug|Any CPU
		{56963B42-4D6F-441F-9283-576526FF517A}.Debug|x64.ActiveCfg = Debug|Any CPU
		{56963B42-4D6F-441F-9283-576526FF517A}.Debug|x64.Build.0 = Debug|Any CPU
		{56963B42-4D6F-441F-9283-576526FF517A}.Debug|x86.ActiveCfg = Debug|Any CPU
		{56963B42-4D6F-441F-9283-576526FF517A}.Debug|x86.Build.0 = Debug|Any CPU
		{56963B42-4D6F-441F-9283-576526FF517A}.Release|Any CPU.ActiveCfg = Release|Any CPU
		{56963B42-4D6F-441F-9283-576526FF517A}.Release|Any CPU.Build.0 = Release|Any CPU
		{56963B42-4D6F-441F-9283-576526FF517A}.Release|x64.ActiveCfg = Release|Any CPU
		{56963B42-4D6F-441F-9283-576526FF517A}.Release|x64.Build.0 = Release|Any CPU
		{56963B42-4D6F-441F-9283-576526FF517A}.Release|x86.ActiveCfg = Release|Any CPU
		{56963B42-4D6F-441F-9283-576526FF517A}.Release|x86.Build.0 = Release|Any CPU
		{0F060F46-7782-4686-8C12-56261A2876D6}.Debug|Any CPU.ActiveCfg = Debug|Any CPU
		{0F060F46-7782-4686-8C12-56261A2876D6}.Debug|Any CPU.Build.0 = Debug|Any CPU
		{0F060F46-7782-4686-8C12-56261A2876D6}.Debug|x64.ActiveCfg = Debug|Any CPU
		{0F060F46-7782-4686-8C12-56261A2876D6}.Debug|x64.Build.0 = Debug|Any CPU
		{0F060F46-7782-4686-8C12-56261A2876D6}.Debug|x86.ActiveCfg = Debug|Any CPU
		{0F060F46-7782-4686-8C12-56261A2876D6}.Debug|x86.Build.0 = Debug|Any CPU
		{0F060F46-7782-4686-8C12-56261A2876D6}.Release|Any CPU.ActiveCfg = Release|Any CPU
		{0F060F46-7782-4686-8C12-56261A2876D6}.Release|Any CPU.Build.0 = Release|Any CPU
		{0F060F46-7782-4686-8C12-56261A2876D6}.Release|x64.ActiveCfg = Release|Any CPU
		{0F060F46-7782-4686-8C12-56261A2876D6}.Release|x64.Build.0 = Release|Any CPU
		{0F060F46-7782-4686-8C12-56261A2876D6}.Release|x86.ActiveCfg = Release|Any CPU
		{0F060F46-7782-4686-8C12-56261A2876D6}.Release|x86.Build.0 = Release|Any CPU
		{B443C8B4-AD41-4016-BF6E-7F1C9FF4ABC3}.Debug|Any CPU.ActiveCfg = Debug|Any CPU
		{B443C8B4-AD41-4016-BF6E-7F1C9FF4ABC3}.Debug|Any CPU.Build.0 = Debug|Any CPU
		{B443C8B4-AD41-4016-BF6E-7F1C9FF4ABC3}.Debug|x64.ActiveCfg = Debug|Any CPU
		{B443C8B4-AD41-4016-BF6E-7F1C9FF4ABC3}.Debug|x64.Build.0 = Debug|Any CPU
		{B443C8B4-AD41-4016-BF6E-7F1C9FF4ABC3}.Debug|x86.ActiveCfg = Debug|Any CPU
		{B443C8B4-AD41-4016-BF6E-7F1C9FF4ABC3}.Debug|x86.Build.0 = Debug|Any CPU
		{B443C8B4-AD41-4016-BF6E-7F1C9FF4ABC3}.Release|Any CPU.ActiveCfg = Release|Any CPU
		{B443C8B4-AD41-4016-BF6E-7F1C9FF4ABC3}.Release|Any CPU.Build.0 = Release|Any CPU
		{B443C8B4-AD41-4016-BF6E-7F1C9FF4ABC3}.Release|x64.ActiveCfg = Release|Any CPU
		{B443C8B4-AD41-4016-BF6E-7F1C9FF4ABC3}.Release|x64.Build.0 = Release|Any CPU
		{B443C8B4-AD41-4016-BF6E-7F1C9FF4ABC3}.Release|x86.ActiveCfg = Release|Any CPU
		{B443C8B4-AD41-4016-BF6E-7F1C9FF4ABC3}.Release|x86.Build.0 = Release|Any CPU
		{19A8672D-1A5F-4120-A66E-F6BD2C8431E3}.Debug|Any CPU.ActiveCfg = Debug|Any CPU
		{19A8672D-1A5F-4120-A66E-F6BD2C8431E3}.Debug|Any CPU.Build.0 = Debug|Any CPU
		{19A8672D-1A5F-4120-A66E-F6BD2C8431E3}.Debug|x64.ActiveCfg = Debug|Any CPU
		{19A8672D-1A5F-4120-A66E-F6BD2C8431E3}.Debug|x64.Build.0 = Debug|Any CPU
		{19A8672D-1A5F-4120-A66E-F6BD2C8431E3}.Debug|x86.ActiveCfg = Debug|Any CPU
		{19A8672D-1A5F-4120-A66E-F6BD2C8431E3}.Debug|x86.Build.0 = Debug|Any CPU
		{19A8672D-1A5F-4120-A66E-F6BD2C8431E3}.Release|Any CPU.ActiveCfg = Release|Any CPU
		{19A8672D-1A5F-4120-A66E-F6BD2C8431E3}.Release|Any CPU.Build.0 = Release|Any CPU
		{19A8672D-1A5F-4120-A66E-F6BD2C8431E3}.Release|x64.ActiveCfg = Release|Any CPU
		{19A8672D-1A5F-4120-A66E-F6BD2C8431E3}.Release|x64.Build.0 = Release|Any CPU
		{19A8672D-1A5F-4120-A66E-F6BD2C8431E3}.Release|x86.ActiveCfg = Release|Any CPU
		{19A8672D-1A5F-4120-A66E-F6BD2C8431E3}.Release|x86.Build.0 = Release|Any CPU
		{41DC8750-7186-494E-80BC-845C5071DF8F}.Debug|Any CPU.ActiveCfg = Debug|Any CPU
		{41DC8750-7186-494E-80BC-845C5071DF8F}.Debug|Any CPU.Build.0 = Debug|Any CPU
		{41DC8750-7186-494E-80BC-845C5071DF8F}.Debug|x64.ActiveCfg = Debug|Any CPU
		{41DC8750-7186-494E-80BC-845C5071DF8F}.Debug|x64.Build.0 = Debug|Any CPU
		{41DC8750-7186-494E-80BC-845C5071DF8F}.Debug|x86.ActiveCfg = Debug|Any CPU
		{41DC8750-7186-494E-80BC-845C5071DF8F}.Debug|x86.Build.0 = Debug|Any CPU
		{41DC8750-7186-494E-80BC-845C5071DF8F}.Release|Any CPU.ActiveCfg = Release|Any CPU
		{41DC8750-7186-494E-80BC-845C5071DF8F}.Release|Any CPU.Build.0 = Release|Any CPU
		{41DC8750-7186-494E-80BC-845C5071DF8F}.Release|x64.ActiveCfg = Release|Any CPU
		{41DC8750-7186-494E-80BC-845C5071DF8F}.Release|x64.Build.0 = Release|Any CPU
		{41DC8750-7186-494E-80BC-845C5071DF8F}.Release|x86.ActiveCfg = Release|Any CPU
		{41DC8750-7186-494E-80BC-845C5071DF8F}.Release|x86.Build.0 = Release|Any CPU
		{679C3869-EE49-4A76-ADF2-431430B781E1}.Debug|Any CPU.ActiveCfg = Debug|Any CPU
		{679C3869-EE49-4A76-ADF2-431430B781E1}.Debug|Any CPU.Build.0 = Debug|Any CPU
		{679C3869-EE49-4A76-ADF2-431430B781E1}.Debug|x64.ActiveCfg = Debug|Any CPU
		{679C3869-EE49-4A76-ADF2-431430B781E1}.Debug|x64.Build.0 = Debug|Any CPU
		{679C3869-EE49-4A76-ADF2-431430B781E1}.Debug|x86.ActiveCfg = Debug|Any CPU
		{679C3869-EE49-4A76-ADF2-431430B781E1}.Debug|x86.Build.0 = Debug|Any CPU
		{679C3869-EE49-4A76-ADF2-431430B781E1}.Release|Any CPU.ActiveCfg = Release|Any CPU
		{679C3869-EE49-4A76-ADF2-431430B781E1}.Release|Any CPU.Build.0 = Release|Any CPU
		{679C3869-EE49-4A76-ADF2-431430B781E1}.Release|x64.ActiveCfg = Release|Any CPU
		{679C3869-EE49-4A76-ADF2-431430B781E1}.Release|x64.Build.0 = Release|Any CPU
		{679C3869-EE49-4A76-ADF2-431430B781E1}.Release|x86.ActiveCfg = Release|Any CPU
		{679C3869-EE49-4A76-ADF2-431430B781E1}.Release|x86.Build.0 = Release|Any CPU
		{65E8FCC7-53C0-4793-925F-3AB562EFC562}.Debug|Any CPU.ActiveCfg = Debug|Any CPU
		{65E8FCC7-53C0-4793-925F-3AB562EFC562}.Debug|Any CPU.Build.0 = Debug|Any CPU
		{65E8FCC7-53C0-4793-925F-3AB562EFC562}.Debug|x64.ActiveCfg = Debug|Any CPU
		{65E8FCC7-53C0-4793-925F-3AB562EFC562}.Debug|x64.Build.0 = Debug|Any CPU
		{65E8FCC7-53C0-4793-925F-3AB562EFC562}.Debug|x86.ActiveCfg = Debug|Any CPU
		{65E8FCC7-53C0-4793-925F-3AB562EFC562}.Debug|x86.Build.0 = Debug|Any CPU
		{65E8FCC7-53C0-4793-925F-3AB562EFC562}.Release|Any CPU.ActiveCfg = Release|Any CPU
		{65E8FCC7-53C0-4793-925F-3AB562EFC562}.Release|Any CPU.Build.0 = Release|Any CPU
		{65E8FCC7-53C0-4793-925F-3AB562EFC562}.Release|x64.ActiveCfg = Release|Any CPU
		{65E8FCC7-53C0-4793-925F-3AB562EFC562}.Release|x64.Build.0 = Release|Any CPU
		{65E8FCC7-53C0-4793-925F-3AB562EFC562}.Release|x86.ActiveCfg = Release|Any CPU
		{65E8FCC7-53C0-4793-925F-3AB562EFC562}.Release|x86.Build.0 = Release|Any CPU
	EndGlobalSection
	GlobalSection(SolutionProperties) = preSolution
		HideSolutionNode = FALSE
	EndGlobalSection
	GlobalSection(NestedProjects) = preSolution
		{BE4B464E-F2AD-445F-A40A-1C8D9EF6CF5E} = {827E0CD3-B72D-47B6-A68D-7590B98EB39B}
		{56963B42-4D6F-441F-9283-576526FF517A} = {827E0CD3-B72D-47B6-A68D-7590B98EB39B}
		{0F060F46-7782-4686-8C12-56261A2876D6} = {827E0CD3-B72D-47B6-A68D-7590B98EB39B}
		{B443C8B4-AD41-4016-BF6E-7F1C9FF4ABC3} = {827E0CD3-B72D-47B6-A68D-7590B98EB39B}
		{19A8672D-1A5F-4120-A66E-F6BD2C8431E3} = {827E0CD3-B72D-47B6-A68D-7590B98EB39B}
		{41DC8750-7186-494E-80BC-845C5071DF8F} = {827E0CD3-B72D-47B6-A68D-7590B98EB39B}
		{679C3869-EE49-4A76-ADF2-431430B781E1} = {827E0CD3-B72D-47B6-A68D-7590B98EB39B}
		{65E8FCC7-53C0-4793-925F-3AB562EFC562} = {827E0CD3-B72D-47B6-A68D-7590B98EB39B}
	EndGlobalSection
EndGlobal
